<?xml version="1.0" encoding="UTF-8"?>
<CodeBlocks_project_file>
	<FileVersion major="1" minor="6"/>
	<Project>
		<Option title="cpphack"/>
		<Option makefile_is_custom="1"/>
		<Option compiler="gcc"/>
		<Option virtualFolders="CMake Files\;CMake Files\src\;CMake Files\src\cpp\;CMake Files\..\;CMake Files\..\..\;CMake Files\..\..\..\;CMake Files\..\..\..\..\;CMake Files\..\..\..\..\..\;CMake Files\..\..\..\..\..\usr\;CMake Files\..\..\..\..\..\usr\lib64\;CMake Files\..\..\..\..\..\usr\lib64\cmake\;CMake Files\..\..\..\..\..\usr\lib64\cmake\Boost-1.78.0\;CMake Files\..\..\..\..\..\usr\lib64\cmake\boost_headers-1.78.0\;CMake Files\..\..\..\..\..\usr\lib64\cmake\boost_context-1.78.0\;CMake Files\..\..\..\..\..\usr\lib64\cmake\boost_coroutine-1.78.0\;CMake Files\..\..\..\..\..\usr\lib64\cmake\boost_fiber-1.78.0\;CMake Files\..\..\..\..\..\usr\lib64\cmake\boost_atomic-1.78.0\;CMake Files\..\..\..\..\..\usr\lib64\cmake\boost_filesystem-1.78.0\;CMake Files\..\..\..\..\..\usr\lib64\cmake\boost_thread-1.78.0\;CMake Files\..\..\..\..\..\usr\lib64\cmake\boost_container-1.78.0\;CMake Files\..\..\..\..\..\usr\lib64\cmake\boost_math_c99-1.78.0\;CMake Files\..\..\..\..\..\usr\lib64\cmake\boost_math_c99f-1.78.0\;CMake Files\..\..\..\..\..\usr\lib64\cmake\boost_math_c99l-1.78.0\;CMake Files\..\..\..\..\..\usr\lib64\cmake\boost_math_tr1-1.78.0\;CMake Files\..\..\..\..\..\usr\lib64\cmake\boost_math_tr1f-1.78.0\;CMake Files\..\..\..\..\..\usr\lib64\cmake\boost_math_tr1l-1.78.0\;CMake Files\..\..\..\..\..\usr\lib64\cmake\boost_unit_test_framework-1.78.0\;CMake Files\test\;CMake Files\test\cpp\;"/>
		<Build>
			<Target title="all">
				<Option working_dir="/home/explorer/project/experience/cpphack"/>
				<Option type="4"/>
				<MakeCommands>
					<Build command="/usr/bin/make -f &quot;/home/explorer/project/experience/cpphack/Makefile&quot;  VERBOSE=1 all"/>
					<CompileFile command="/usr/bin/make -f &quot;/home/explorer/project/experience/cpphack/Makefile&quot;  VERBOSE=1 &quot;$file&quot;"/>
					<Clean command="/usr/bin/make -f &quot;/home/explorer/project/experience/cpphack/Makefile&quot;  VERBOSE=1 clean"/>
					<DistClean command="/usr/bin/make -f &quot;/home/explorer/project/experience/cpphack/Makefile&quot;  VERBOSE=1 clean"/>
				</MakeCommands>
			</Target>
			<Target title="rebuild_cache">
				<Option working_dir="/home/explorer/project/experience/cpphack"/>
				<Option type="4"/>
				<MakeCommands>
					<Build command="/usr/bin/make -f &quot;/home/explorer/project/experience/cpphack/Makefile&quot;  VERBOSE=1 rebuild_cache"/>
					<CompileFile command="/usr/bin/make -f &quot;/home/explorer/project/experience/cpphack/Makefile&quot;  VERBOSE=1 &quot;$file&quot;"/>
					<Clean command="/usr/bin/make -f &quot;/home/explorer/project/experience/cpphack/Makefile&quot;  VERBOSE=1 clean"/>
					<DistClean command="/usr/bin/make -f &quot;/home/explorer/project/experience/cpphack/Makefile&quot;  VERBOSE=1 clean"/>
				</MakeCommands>
			</Target>
			<Target title="edit_cache">
				<Option working_dir="/home/explorer/project/experience/cpphack"/>
				<Option type="4"/>
				<MakeCommands>
					<Build command="/usr/bin/make -f &quot;/home/explorer/project/experience/cpphack/Makefile&quot;  VERBOSE=1 edit_cache"/>
					<CompileFile command="/usr/bin/make -f &quot;/home/explorer/project/experience/cpphack/Makefile&quot;  VERBOSE=1 &quot;$file&quot;"/>
					<Clean command="/usr/bin/make -f &quot;/home/explorer/project/experience/cpphack/Makefile&quot;  VERBOSE=1 clean"/>
					<DistClean command="/usr/bin/make -f &quot;/home/explorer/project/experience/cpphack/Makefile&quot;  VERBOSE=1 clean"/>
				</MakeCommands>
			</Target>
			<Target title="cpphack">
				<Option output="/home/explorer/project/experience/cpphack/src/cpp/cpphack" prefix_auto="0" extension_auto="0"/>
				<Option working_dir="/home/explorer/project/experience/cpphack/src/cpp"/>
				<Option object_output="./"/>
				<Option type="1"/>
				<Option compiler="gcc"/>
				<Compiler>
					<Add option="-DBOOST_CONTEXT_NO_LIB"/>
					<Add option="-DBOOST_CONTEXT_DYN_LINK"/>
					<Add option="-DBOOST_COROUTINE_NO_LIB"/>
					<Add option="-DBOOST_COROUTINE_DYN_LINK"/>
					<Add option="-DBOOST_FIBER_NO_LIB"/>
					<Add option="-DBOOST_FIBER_DYN_LINK"/>
					<Add option="-DBOOST_ATOMIC_NO_LIB"/>
					<Add option="-DBOOST_ATOMIC_DYN_LINK"/>
					<Add option="-DBOOST_FILESYSTEM_NO_LIB"/>
					<Add option="-DBOOST_FILESYSTEM_DYN_LINK"/>
					<Add option="-DBOOST_THREAD_NO_LIB"/>
					<Add option="-DBOOST_THREAD_DYN_LINK"/>
					<Add option="-DBOOST_CONTAINER_NO_LIB"/>
					<Add option="-DBOOST_CONTAINER_DYN_LINK"/>
					<Add option="-DBOOST_MATH_C99_NO_LIB"/>
					<Add option="-DBOOST_MATH_C99_DYN_LINK"/>
					<Add option="-DBOOST_MATH_C99F_NO_LIB"/>
					<Add option="-DBOOST_MATH_C99F_DYN_LINK"/>
					<Add option="-DBOOST_MATH_C99L_NO_LIB"/>
					<Add option="-DBOOST_MATH_C99L_DYN_LINK"/>
					<Add option="-DBOOST_MATH_TR1_NO_LIB"/>
					<Add option="-DBOOST_MATH_TR1_DYN_LINK"/>
					<Add option="-DBOOST_MATH_TR1F_NO_LIB"/>
					<Add option="-DBOOST_MATH_TR1F_DYN_LINK"/>
					<Add option="-DBOOST_MATH_TR1L_NO_LIB"/>
					<Add option="-DBOOST_MATH_TR1L_DYN_LINK"/>
					<Add directory="/home/explorer/project/experience/cpphack/src"/>
				</Compiler>
				<MakeCommands>
					<Build command="/usr/bin/make -f &quot;/home/explorer/project/experience/cpphack/src/cpp/Makefile&quot;  VERBOSE=1 cpphack"/>
					<CompileFile command="/usr/bin/make -f &quot;/home/explorer/project/experience/cpphack/src/cpp/Makefile&quot;  VERBOSE=1 &quot;$file&quot;"/>
					<Clean command="/usr/bin/make -f &quot;/home/explorer/project/experience/cpphack/src/cpp/Makefile&quot;  VERBOSE=1 clean"/>
					<DistClean command="/usr/bin/make -f &quot;/home/explorer/project/experience/cpphack/src/cpp/Makefile&quot;  VERBOSE=1 clean"/>
				</MakeCommands>
			</Target>
			<Target title="cpphack/fast">
				<Option output="/home/explorer/project/experience/cpphack/src/cpp/cpphack" prefix_auto="0" extension_auto="0"/>
				<Option working_dir="/home/explorer/project/experience/cpphack/src/cpp"/>
				<Option object_output="./"/>
				<Option type="1"/>
				<Option compiler="gcc"/>
				<Compiler>
					<Add option="-DBOOST_CONTEXT_NO_LIB"/>
					<Add option="-DBOOST_CONTEXT_DYN_LINK"/>
					<Add option="-DBOOST_COROUTINE_NO_LIB"/>
					<Add option="-DBOOST_COROUTINE_DYN_LINK"/>
					<Add option="-DBOOST_FIBER_NO_LIB"/>
					<Add option="-DBOOST_FIBER_DYN_LINK"/>
					<Add option="-DBOOST_ATOMIC_NO_LIB"/>
					<Add option="-DBOOST_ATOMIC_DYN_LINK"/>
					<Add option="-DBOOST_FILESYSTEM_NO_LIB"/>
					<Add option="-DBOOST_FILESYSTEM_DYN_LINK"/>
					<Add option="-DBOOST_THREAD_NO_LIB"/>
					<Add option="-DBOOST_THREAD_DYN_LINK"/>
					<Add option="-DBOOST_CONTAINER_NO_LIB"/>
					<Add option="-DBOOST_CONTAINER_DYN_LINK"/>
					<Add option="-DBOOST_MATH_C99_NO_LIB"/>
					<Add option="-DBOOST_MATH_C99_DYN_LINK"/>
					<Add option="-DBOOST_MATH_C99F_NO_LIB"/>
					<Add option="-DBOOST_MATH_C99F_DYN_LINK"/>
					<Add option="-DBOOST_MATH_C99L_NO_LIB"/>
					<Add option="-DBOOST_MATH_C99L_DYN_LINK"/>
					<Add option="-DBOOST_MATH_TR1_NO_LIB"/>
					<Add option="-DBOOST_MATH_TR1_DYN_LINK"/>
					<Add option="-DBOOST_MATH_TR1F_NO_LIB"/>
					<Add option="-DBOOST_MATH_TR1F_DYN_LINK"/>
					<Add option="-DBOOST_MATH_TR1L_NO_LIB"/>
					<Add option="-DBOOST_MATH_TR1L_DYN_LINK"/>
					<Add directory="/home/explorer/project/experience/cpphack/src"/>
				</Compiler>
				<MakeCommands>
					<Build command="/usr/bin/make -f &quot;/home/explorer/project/experience/cpphack/src/cpp/Makefile&quot;  VERBOSE=1 cpphack/fast"/>
					<CompileFile command="/usr/bin/make -f &quot;/home/explorer/project/experience/cpphack/src/cpp/Makefile&quot;  VERBOSE=1 &quot;$file&quot;"/>
					<Clean command="/usr/bin/make -f &quot;/home/explorer/project/experience/cpphack/src/cpp/Makefile&quot;  VERBOSE=1 clean"/>
					<DistClean command="/usr/bin/make -f &quot;/home/explorer/project/experience/cpphack/src/cpp/Makefile&quot;  VERBOSE=1 clean"/>
				</MakeCommands>
			</Target>
			<Target title="cpphack_tests">
				<Option output="/home/explorer/project/experience/cpphack/test/cpp/cpphack_tests" prefix_auto="0" extension_auto="0"/>
				<Option working_dir="/home/explorer/project/experience/cpphack/test/cpp"/>
				<Option object_output="./"/>
				<Option type="1"/>
				<Option compiler="gcc"/>
				<Compiler>
					<Add option="-DBOOST_UNIT_TEST_FRAMEWORK_NO_LIB"/>
					<Add option="-DBOOST_UNIT_TEST_FRAMEWORK_DYN_LINK"/>
					<Add directory="/home/explorer/project/experience/cpphack/src"/>
				</Compiler>
				<MakeCommands>
					<Build command="/usr/bin/make -f &quot;/home/explorer/project/experience/cpphack/test/cpp/Makefile&quot;  VERBOSE=1 cpphack_tests"/>
					<CompileFile command="/usr/bin/make -f &quot;/home/explorer/project/experience/cpphack/test/cpp/Makefile&quot;  VERBOSE=1 &quot;$file&quot;"/>
					<Clean command="/usr/bin/make -f &quot;/home/explorer/project/experience/cpphack/test/cpp/Makefile&quot;  VERBOSE=1 clean"/>
					<DistClean command="/usr/bin/make -f &quot;/home/explorer/project/experience/cpphack/test/cpp/Makefile&quot;  VERBOSE=1 clean"/>
				</MakeCommands>
			</Target>
			<Target title="cpphack_tests/fast">
				<Option output="/home/explorer/project/experience/cpphack/test/cpp/cpphack_tests" prefix_auto="0" extension_auto="0"/>
				<Option working_dir="/home/explorer/project/experience/cpphack/test/cpp"/>
				<Option object_output="./"/>
				<Option type="1"/>
				<Option compiler="gcc"/>
				<Compiler>
					<Add option="-DBOOST_UNIT_TEST_FRAMEWORK_NO_LIB"/>
					<Add option="-DBOOST_UNIT_TEST_FRAMEWORK_DYN_LINK"/>
					<Add directory="/home/explorer/project/experience/cpphack/src"/>
				</Compiler>
				<MakeCommands>
					<Build command="/usr/bin/make -f &quot;/home/explorer/project/experience/cpphack/test/cpp/Makefile&quot;  VERBOSE=1 cpphack_tests/fast"/>
					<CompileFile command="/usr/bin/make -f &quot;/home/explorer/project/experience/cpphack/test/cpp/Makefile&quot;  VERBOSE=1 &quot;$file&quot;"/>
					<Clean command="/usr/bin/make -f &quot;/home/explorer/project/experience/cpphack/test/cpp/Makefile&quot;  VERBOSE=1 clean"/>
					<DistClean command="/usr/bin/make -f &quot;/home/explorer/project/experience/cpphack/test/cpp/Makefile&quot;  VERBOSE=1 clean"/>
				</MakeCommands>
			</Target>
		</Build>
		<Unit filename="/home/explorer/project/experience/cpphack/src/cpp/CMakeFiles">
			<Option target="cpphack"/>
		</Unit>
		<Unit filename="/home/explorer/project/experience/cpphack/src/cpp/CMakeFiles/cpphack.dir">
			<Option target="cpphack"/>
		</Unit>
		<Unit filename="/home/explorer/project/experience/cpphack/src/cpp/CMakeFiles/cpphack.dir/async">
			<Option target="cpphack"/>
		</Unit>
		<Unit filename="/home/explorer/project/experience/cpphack/src/cpp/CMakeFiles/cpphack.dir/cmake_pch.hxx">
			<Option target="cpphack"/>
		</Unit>
		<Unit filename="/home/explorer/project/experience/cpphack/src/cpp/CMakeFiles/cpphack.dir/cmake_pch.hxx.cxx">
			<Option target="cpphack"/>
		</Unit>
		<Unit filename="/home/explorer/project/experience/cpphack/src/cpp/async">
			<Option target="cpphack"/>
		</Unit>
		<Unit filename="/home/explorer/project/experience/cpphack/src/cpp/async/AsyncCompute.cpp">
			<Option target="cpphack"/>
		</Unit>
		<Unit filename="/home/explorer/project/experience/cpphack/src/cpp/async/AsyncCompute.h">
			<Option target="cpphack"/>
		</Unit>
		<Unit filename="/home/explorer/project/experience/cpphack/src/cpp/main.cpp">
			<Option target="cpphack"/>
		</Unit>
		<Unit filename="/home/explorer/project/experience/cpphack/src/cpp/math">
			<Option target="cpphack"/>
		</Unit>
		<Unit filename="/home/explorer/project/experience/cpphack/test/cpp/async/AsyncComputeTest.cpp">
			<Option target="cpphack_tests"/>
		</Unit>
		<Unit filename="/home/explorer/project/experience/cpphack/test/cpp/async/AsyncComputeTest.h">
			<Option target="cpphack_tests"/>
		</Unit>
		<Unit filename="/home/explorer/project/experience/cpphack/CMakeLists.txt">
			<Option virtualFolder="CMake Files\"/>
		</Unit>
		<Unit filename="/home/explorer/project/experience/cpphack/src/cpp/CMakeLists.txt">
			<Option virtualFolder="CMake Files\src\cpp\"/>
		</Unit>
		<Unit filename="/home/explorer/project/experience/cpphack/../../../../../usr/lib64/cmake/BoostDetectToolset-1.78.0.cmake">
			<Option virtualFolder="CMake Files\..\..\..\..\..\usr\lib64\cmake\"/>
		</Unit>
		<Unit filename="/home/explorer/project/experience/cpphack/../../../../../usr/lib64/cmake/Boost-1.78.0/BoostConfig.cmake">
			<Option virtualFolder="CMake Files\..\..\..\..\..\usr\lib64\cmake\Boost-1.78.0\"/>
		</Unit>
		<Unit filename="/home/explorer/project/experience/cpphack/../../../../../usr/lib64/cmake/Boost-1.78.0/BoostConfigVersion.cmake">
			<Option virtualFolder="CMake Files\..\..\..\..\..\usr\lib64\cmake\Boost-1.78.0\"/>
		</Unit>
		<Unit filename="/home/explorer/project/experience/cpphack/../../../../../usr/lib64/cmake/boost_headers-1.78.0/boost_headers-config-version.cmake">
			<Option virtualFolder="CMake Files\..\..\..\..\..\usr\lib64\cmake\boost_headers-1.78.0\"/>
		</Unit>
		<Unit filename="/home/explorer/project/experience/cpphack/../../../../../usr/lib64/cmake/boost_headers-1.78.0/boost_headers-config.cmake">
			<Option virtualFolder="CMake Files\..\..\..\..\..\usr\lib64\cmake\boost_headers-1.78.0\"/>
		</Unit>
		<Unit filename="/home/explorer/project/experience/cpphack/../../../../../usr/lib64/cmake/boost_context-1.78.0/boost_context-config-version.cmake">
			<Option virtualFolder="CMake Files\..\..\..\..\..\usr\lib64\cmake\boost_context-1.78.0\"/>
		</Unit>
		<Unit filename="/home/explorer/project/experience/cpphack/../../../../../usr/lib64/cmake/boost_context-1.78.0/boost_context-config.cmake">
			<Option virtualFolder="CMake Files\..\..\..\..\..\usr\lib64\cmake\boost_context-1.78.0\"/>
		</Unit>
		<Unit filename="/home/explorer/project/experience/cpphack/../../../../../usr/lib64/cmake/boost_context-1.78.0/libboost_context-variant-shared.cmake">
			<Option virtualFolder="CMake Files\..\..\..\..\..\usr\lib64\cmake\boost_context-1.78.0\"/>
		</Unit>
		<Unit filename="/home/explorer/project/experience/cpphack/../../../../../usr/lib64/cmake/boost_context-1.78.0/libboost_context-variant-static.cmake">
			<Option virtualFolder="CMake Files\..\..\..\..\..\usr\lib64\cmake\boost_context-1.78.0\"/>
		</Unit>
		<Unit filename="/home/explorer/project/experience/cpphack/../../../../../usr/lib64/cmake/boost_coroutine-1.78.0/boost_coroutine-config-version.cmake">
			<Option virtualFolder="CMake Files\..\..\..\..\..\usr\lib64\cmake\boost_coroutine-1.78.0\"/>
		</Unit>
		<Unit filename="/home/explorer/project/experience/cpphack/../../../../../usr/lib64/cmake/boost_coroutine-1.78.0/boost_coroutine-config.cmake">
			<Option virtualFolder="CMake Files\..\..\..\..\..\usr\lib64\cmake\boost_coroutine-1.78.0\"/>
		</Unit>
		<Unit filename="/home/explorer/project/experience/cpphack/../../../../../usr/lib64/cmake/boost_coroutine-1.78.0/libboost_coroutine-variant-shared.cmake">
			<Option virtualFolder="CMake Files\..\..\..\..\..\usr\lib64\cmake\boost_coroutine-1.78.0\"/>
		</Unit>
		<Unit filename="/home/explorer/project/experience/cpphack/../../../../../usr/lib64/cmake/boost_coroutine-1.78.0/libboost_coroutine-variant-static.cmake">
			<Option virtualFolder="CMake Files\..\..\..\..\..\usr\lib64\cmake\boost_coroutine-1.78.0\"/>
		</Unit>
		<Unit filename="/home/explorer/project/experience/cpphack/../../../../../usr/lib64/cmake/boost_fiber-1.78.0/boost_fiber-config-version.cmake">
			<Option virtualFolder="CMake Files\..\..\..\..\..\usr\lib64\cmake\boost_fiber-1.78.0\"/>
		</Unit>
		<Unit filename="/home/explorer/project/experience/cpphack/../../../../../usr/lib64/cmake/boost_fiber-1.78.0/boost_fiber-config.cmake">
			<Option virtualFolder="CMake Files\..\..\..\..\..\usr\lib64\cmake\boost_fiber-1.78.0\"/>
		</Unit>
		<Unit filename="/home/explorer/project/experience/cpphack/../../../../../usr/lib64/cmake/boost_fiber-1.78.0/libboost_fiber-variant-shared.cmake">
			<Option virtualFolder="CMake Files\..\..\..\..\..\usr\lib64\cmake\boost_fiber-1.78.0\"/>
		</Unit>
		<Unit filename="/home/explorer/project/experience/cpphack/../../../../../usr/lib64/cmake/boost_fiber-1.78.0/libboost_fiber-variant-static.cmake">
			<Option virtualFolder="CMake Files\..\..\..\..\..\usr\lib64\cmake\boost_fiber-1.78.0\"/>
		</Unit>
		<Unit filename="/home/explorer/project/experience/cpphack/../../../../../usr/lib64/cmake/boost_atomic-1.78.0/boost_atomic-config-version.cmake">
			<Option virtualFolder="CMake Files\..\..\..\..\..\usr\lib64\cmake\boost_atomic-1.78.0\"/>
		</Unit>
		<Unit filename="/home/explorer/project/experience/cpphack/../../../../../usr/lib64/cmake/boost_atomic-1.78.0/boost_atomic-config.cmake">
			<Option virtualFolder="CMake Files\..\..\..\..\..\usr\lib64\cmake\boost_atomic-1.78.0\"/>
		</Unit>
		<Unit filename="/home/explorer/project/experience/cpphack/../../../../../usr/lib64/cmake/boost_atomic-1.78.0/libboost_atomic-variant-shared.cmake">
			<Option virtualFolder="CMake Files\..\..\..\..\..\usr\lib64\cmake\boost_atomic-1.78.0\"/>
		</Unit>
		<Unit filename="/home/explorer/project/experience/cpphack/../../../../../usr/lib64/cmake/boost_atomic-1.78.0/libboost_atomic-variant-static.cmake">
			<Option virtualFolder="CMake Files\..\..\..\..\..\usr\lib64\cmake\boost_atomic-1.78.0\"/>
		</Unit>
		<Unit filename="/home/explorer/project/experience/cpphack/../../../../../usr/lib64/cmake/boost_filesystem-1.78.0/boost_filesystem-config-version.cmake">
			<Option virtualFolder="CMake Files\..\..\..\..\..\usr\lib64\cmake\boost_filesystem-1.78.0\"/>
		</Unit>
		<Unit filename="/home/explorer/project/experience/cpphack/../../../../../usr/lib64/cmake/boost_filesystem-1.78.0/boost_filesystem-config.cmake">
			<Option virtualFolder="CMake Files\..\..\..\..\..\usr\lib64\cmake\boost_filesystem-1.78.0\"/>
		</Unit>
		<Unit filename="/home/explorer/project/experience/cpphack/../../../../../usr/lib64/cmake/boost_filesystem-1.78.0/libboost_filesystem-variant-shared.cmake">
			<Option virtualFolder="CMake Files\..\..\..\..\..\usr\lib64\cmake\boost_filesystem-1.78.0\"/>
		</Unit>
		<Unit filename="/home/explorer/project/experience/cpphack/../../../../../usr/lib64/cmake/boost_filesystem-1.78.0/libboost_filesystem-variant-static.cmake">
			<Option virtualFolder="CMake Files\..\..\..\..\..\usr\lib64\cmake\boost_filesystem-1.78.0\"/>
		</Unit>
		<Unit filename="/home/explorer/project/experience/cpphack/../../../../../usr/lib64/cmake/boost_thread-1.78.0/boost_thread-config-version.cmake">
			<Option virtualFolder="CMake Files\..\..\..\..\..\usr\lib64\cmake\boost_thread-1.78.0\"/>
		</Unit>
		<Unit filename="/home/explorer/project/experience/cpphack/../../../../../usr/lib64/cmake/boost_thread-1.78.0/boost_thread-config.cmake">
			<Option virtualFolder="CMake Files\..\..\..\..\..\usr\lib64\cmake\boost_thread-1.78.0\"/>
		</Unit>
		<Unit filename="/home/explorer/project/experience/cpphack/../../../../../usr/lib64/cmake/boost_thread-1.78.0/libboost_thread-variant-shared.cmake">
			<Option virtualFolder="CMake Files\..\..\..\..\..\usr\lib64\cmake\boost_thread-1.78.0\"/>
		</Unit>
		<Unit filename="/home/explorer/project/experience/cpphack/../../../../../usr/lib64/cmake/boost_thread-1.78.0/libboost_thread-variant-static.cmake">
			<Option virtualFolder="CMake Files\..\..\..\..\..\usr\lib64\cmake\boost_thread-1.78.0\"/>
		</Unit>
		<Unit filename="/home/explorer/project/experience/cpphack/../../../../../usr/lib64/cmake/boost_container-1.78.0/boost_container-config-version.cmake">
			<Option virtualFolder="CMake Files\..\..\..\..\..\usr\lib64\cmake\boost_container-1.78.0\"/>
		</Unit>
		<Unit filename="/home/explorer/project/experience/cpphack/../../../../../usr/lib64/cmake/boost_container-1.78.0/boost_container-config.cmake">
			<Option virtualFolder="CMake Files\..\..\..\..\..\usr\lib64\cmake\boost_container-1.78.0\"/>
		</Unit>
		<Unit filename="/home/explorer/project/experience/cpphack/../../../../../usr/lib64/cmake/boost_container-1.78.0/libboost_container-variant-shared.cmake">
			<Option virtualFolder="CMake Files\..\..\..\..\..\usr\lib64\cmake\boost_container-1.78.0\"/>
		</Unit>
		<Unit filename="/home/explorer/project/experience/cpphack/../../../../../usr/lib64/cmake/boost_container-1.78.0/libboost_container-variant-static.cmake">
			<Option virtualFolder="CMake Files\..\..\..\..\..\usr\lib64\cmake\boost_container-1.78.0\"/>
		</Unit>
		<Unit filename="/home/explorer/project/experience/cpphack/../../../../../usr/lib64/cmake/boost_math_c99-1.78.0/boost_math_c99-config-version.cmake">
			<Option virtualFolder="CMake Files\..\..\..\..\..\usr\lib64\cmake\boost_math_c99-1.78.0\"/>
		</Unit>
		<Unit filename="/home/explorer/project/experience/cpphack/../../../../../usr/lib64/cmake/boost_math_c99-1.78.0/boost_math_c99-config.cmake">
			<Option virtualFolder="CMake Files\..\..\..\..\..\usr\lib64\cmake\boost_math_c99-1.78.0\"/>
		</Unit>
		<Unit filename="/home/explorer/project/experience/cpphack/../../../../../usr/lib64/cmake/boost_math_c99-1.78.0/libboost_math_c99-variant-shared.cmake">
			<Option virtualFolder="CMake Files\..\..\..\..\..\usr\lib64\cmake\boost_math_c99-1.78.0\"/>
		</Unit>
		<Unit filename="/home/explorer/project/experience/cpphack/../../../../../usr/lib64/cmake/boost_math_c99-1.78.0/libboost_math_c99-variant-static.cmake">
			<Option virtualFolder="CMake Files\..\..\..\..\..\usr\lib64\cmake\boost_math_c99-1.78.0\"/>
		</Unit>
		<Unit filename="/home/explorer/project/experience/cpphack/../../../../../usr/lib64/cmake/boost_math_c99f-1.78.0/boost_math_c99f-config-version.cmake">
			<Option virtualFolder="CMake Files\..\..\..\..\..\usr\lib64\cmake\boost_math_c99f-1.78.0\"/>
		</Unit>
		<Unit filename="/home/explorer/project/experience/cpphack/../../../../../usr/lib64/cmake/boost_math_c99f-1.78.0/boost_math_c99f-config.cmake">
			<Option virtualFolder="CMake Files\..\..\..\..\..\usr\lib64\cmake\boost_math_c99f-1.78.0\"/>
		</Unit>
		<Unit filename="/home/explorer/project/experience/cpphack/../../../../../usr/lib64/cmake/boost_math_c99f-1.78.0/libboost_math_c99f-variant-shared.cmake">
			<Option virtualFolder="CMake Files\..\..\..\..\..\usr\lib64\cmake\boost_math_c99f-1.78.0\"/>
		</Unit>
		<Unit filename="/home/explorer/project/experience/cpphack/../../../../../usr/lib64/cmake/boost_math_c99f-1.78.0/libboost_math_c99f-variant-static.cmake">
			<Option virtualFolder="CMake Files\..\..\..\..\..\usr\lib64\cmake\boost_math_c99f-1.78.0\"/>
		</Unit>
		<Unit filename="/home/explorer/project/experience/cpphack/../../../../../usr/lib64/cmake/boost_math_c99l-1.78.0/boost_math_c99l-config-version.cmake">
			<Option virtualFolder="CMake Files\..\..\..\..\..\usr\lib64\cmake\boost_math_c99l-1.78.0\"/>
		</Unit>
		<Unit filename="/home/explorer/project/experience/cpphack/../../../../../usr/lib64/cmake/boost_math_c99l-1.78.0/boost_math_c99l-config.cmake">
			<Option virtualFolder="CMake Files\..\..\..\..\..\usr\lib64\cmake\boost_math_c99l-1.78.0\"/>
		</Unit>
		<Unit filename="/home/explorer/project/experience/cpphack/../../../../../usr/lib64/cmake/boost_math_c99l-1.78.0/libboost_math_c99l-variant-shared.cmake">
			<Option virtualFolder="CMake Files\..\..\..\..\..\usr\lib64\cmake\boost_math_c99l-1.78.0\"/>
		</Unit>
		<Unit filename="/home/explorer/project/experience/cpphack/../../../../../usr/lib64/cmake/boost_math_c99l-1.78.0/libboost_math_c99l-variant-static.cmake">
			<Option virtualFolder="CMake Files\..\..\..\..\..\usr\lib64\cmake\boost_math_c99l-1.78.0\"/>
		</Unit>
		<Unit filename="/home/explorer/project/experience/cpphack/../../../../../usr/lib64/cmake/boost_math_tr1-1.78.0/boost_math_tr1-config-version.cmake">
			<Option virtualFolder="CMake Files\..\..\..\..\..\usr\lib64\cmake\boost_math_tr1-1.78.0\"/>
		</Unit>
		<Unit filename="/home/explorer/project/experience/cpphack/../../../../../usr/lib64/cmake/boost_math_tr1-1.78.0/boost_math_tr1-config.cmake">
			<Option virtualFolder="CMake Files\..\..\..\..\..\usr\lib64\cmake\boost_math_tr1-1.78.0\"/>
		</Unit>
		<Unit filename="/home/explorer/project/experience/cpphack/../../../../../usr/lib64/cmake/boost_math_tr1-1.78.0/libboost_math_tr1-variant-shared.cmake">
			<Option virtualFolder="CMake Files\..\..\..\..\..\usr\lib64\cmake\boost_math_tr1-1.78.0\"/>
		</Unit>
		<Unit filename="/home/explorer/project/experience/cpphack/../../../../../usr/lib64/cmake/boost_math_tr1-1.78.0/libboost_math_tr1-variant-static.cmake">
			<Option virtualFolder="CMake Files\..\..\..\..\..\usr\lib64\cmake\boost_math_tr1-1.78.0\"/>
		</Unit>
		<Unit filename="/home/explorer/project/experience/cpphack/../../../../../usr/lib64/cmake/boost_math_tr1f-1.78.0/boost_math_tr1f-config-version.cmake">
			<Option virtualFolder="CMake Files\..\..\..\..\..\usr\lib64\cmake\boost_math_tr1f-1.78.0\"/>
		</Unit>
		<Unit filename="/home/explorer/project/experience/cpphack/../../../../../usr/lib64/cmake/boost_math_tr1f-1.78.0/boost_math_tr1f-config.cmake">
			<Option virtualFolder="CMake Files\..\..\..\..\..\usr\lib64\cmake\boost_math_tr1f-1.78.0\"/>
		</Unit>
		<Unit filename="/home/explorer/project/experience/cpphack/../../../../../usr/lib64/cmake/boost_math_tr1f-1.78.0/libboost_math_tr1f-variant-shared.cmake">
			<Option virtualFolder="CMake Files\..\..\..\..\..\usr\lib64\cmake\boost_math_tr1f-1.78.0\"/>
		</Unit>
		<Unit filename="/home/explorer/project/experience/cpphack/../../../../../usr/lib64/cmake/boost_math_tr1f-1.78.0/libboost_math_tr1f-variant-static.cmake">
			<Option virtualFolder="CMake Files\..\..\..\..\..\usr\lib64\cmake\boost_math_tr1f-1.78.0\"/>
		</Unit>
		<Unit filename="/home/explorer/project/experience/cpphack/../../../../../usr/lib64/cmake/boost_math_tr1l-1.78.0/boost_math_tr1l-config-version.cmake">
			<Option virtualFolder="CMake Files\..\..\..\..\..\usr\lib64\cmake\boost_math_tr1l-1.78.0\"/>
		</Unit>
		<Unit filename="/home/explorer/project/experience/cpphack/../../../../../usr/lib64/cmake/boost_math_tr1l-1.78.0/boost_math_tr1l-config.cmake">
			<Option virtualFolder="CMake Files\..\..\..\..\..\usr\lib64\cmake\boost_math_tr1l-1.78.0\"/>
		</Unit>
		<Unit filename="/home/explorer/project/experience/cpphack/../../../../../usr/lib64/cmake/boost_math_tr1l-1.78.0/libboost_math_tr1l-variant-shared.cmake">
			<Option virtualFolder="CMake Files\..\..\..\..\..\usr\lib64\cmake\boost_math_tr1l-1.78.0\"/>
		</Unit>
		<Unit filename="/home/explorer/project/experience/cpphack/../../../../../usr/lib64/cmake/boost_math_tr1l-1.78.0/libboost_math_tr1l-variant-static.cmake">
			<Option virtualFolder="CMake Files\..\..\..\..\..\usr\lib64\cmake\boost_math_tr1l-1.78.0\"/>
		</Unit>
		<Unit filename="/home/explorer/project/experience/cpphack/../../../../../usr/lib64/cmake/boost_unit_test_framework-1.78.0/boost_unit_test_framework-config-version.cmake">
			<Option virtualFolder="CMake Files\..\..\..\..\..\usr\lib64\cmake\boost_unit_test_framework-1.78.0\"/>
		</Unit>
		<Unit filename="/home/explorer/project/experience/cpphack/../../../../../usr/lib64/cmake/boost_unit_test_framework-1.78.0/boost_unit_test_framework-config.cmake">
			<Option virtualFolder="CMake Files\..\..\..\..\..\usr\lib64\cmake\boost_unit_test_framework-1.78.0\"/>
		</Unit>
		<Unit filename="/home/explorer/project/experience/cpphack/../../../../../usr/lib64/cmake/boost_unit_test_framework-1.78.0/libboost_unit_test_framework-variant-shared.cmake">
			<Option virtualFolder="CMake Files\..\..\..\..\..\usr\lib64\cmake\boost_unit_test_framework-1.78.0\"/>
		</Unit>
		<Unit filename="/home/explorer/project/experience/cpphack/../../../../../usr/lib64/cmake/boost_unit_test_framework-1.78.0/libboost_unit_test_framework-variant-static.cmake">
			<Option virtualFolder="CMake Files\..\..\..\..\..\usr\lib64\cmake\boost_unit_test_framework-1.78.0\"/>
		</Unit>
		<Unit filename="/home/explorer/project/experience/cpphack/test/cpp/CMakeLists.txt">
			<Option virtualFolder="CMake Files\test\cpp\"/>
		</Unit>
	</Project>
</CodeBlocks_project_file>
